
Microsoft Visual Studio Solution File, Format Version 12.00
# Visual Studio Version 16
VisualStudioVersion = 16.0.30804.86
MinimumVisualStudioVersion = 10.0.40219.1
Project("{8BC9CEB8-8B4A-11D0-8D11-00A0C91BC942}") = "Map Implementation", "Map Implementation\Map Implementation.vcxproj", "{A63DEB59-427D-43D3-A86D-488680139B04}"
EndProject
Project("{8BC9CEB8-8B4A-11D0-8D11-00A0C91BC942}") = "HashTable Implementation", "HashTable Implementation\HashTable Implementation.vcxproj", "{098CAAAD-15C0-409A-AFEB-584BE0A0611B}"
EndProject
Global
	GlobalSection(SolutionConfigurationPlatforms) = preSolution
		Debug|x64 = Debug|x64
		Debug|x86 = Debug|x86
		Release|x64 = Release|x64
		Release|x86 = Release|x86
	EndGlobalSection
	GlobalSection(ProjectConfigurationPlatforms) = postSolution
		{A63DEB59-427D-43D3-A86D-488680139B04}.Debug|x64.ActiveCfg = Debug|x64
		{A63DEB59-427D-43D3-A86D-488680139B04}.Debug|x64.Build.0 = Debug|x64
		{A63DEB59-427D-43D3-A86D-488680139B04}.Debug|x86.ActiveCfg = Debug|Win32
		{A63DEB59-427D-43D3-A86D-488680139B04}.Debug|x86.Build.0 = Debug|Win32
		{A63DEB59-427D-43D3-A86D-488680139B04}.Release|x64.ActiveCfg = Release|x64
		{A63DEB59-427D-43D3-A86D-488680139B04}.Release|x64.Build.0 = Release|x64
		{A63DEB59-427D-43D3-A86D-488680139B04}.Release|x86.ActiveCfg = Release|Win32
		{A63DEB59-427D-43D3-A86D-488680139B04}.Release|x86.Build.0 = Release|Win32
		{098CAAAD-15C0-409A-AFEB-584BE0A0611B}.Debug|x64.ActiveCfg = Debug|x64
		{098CAAAD-15C0-409A-AFEB-584BE0A0611B}.Debug|x64.Build.0 = Debug|x64
		{098CAAAD-15C0-409A-AFEB-584BE0A0611B}.Debug|x86.ActiveCfg = Debug|Win32
		{098CAAAD-15C0-409A-AFEB-584BE0A0611B}.Debug|x86.Build.0 = Debug|Win32
		{098CAAAD-15C0-409A-AFEB-584BE0A0611B}.Release|x64.ActiveCfg = Release|x64
		{098CAAAD-15C0-409A-AFEB-584BE0A0611B}.Release|x64.Build.0 = Release|x64
		{098CAAAD-15C0-409A-AFEB-584BE0A0611B}.Release|x86.ActiveCfg = Release|Win32
		{098CAAAD-15C0-409A-AFEB-584BE0A0611B}.Release|x86.Build.0 = Release|Win32
	EndGlobalSection
	GlobalSection(SolutionProperties) = preSolution
		HideSolutionNode = FALSE
	EndGlobalSection
	GlobalSection(ExtensibilityGlobals) = postSolution
		SolutionGuid = {6201F694-521A-4E51-ADB6-2385DFB303E0}
	EndGlobalSection
EndGlobal
